
Microsoft Visual Studio Solution File, Format Version 12.00
# Visual Studio 15
VisualStudioVersion = 15.0.27130.2010
MinimumVisualStudioVersion = 10.0.40219.1
Project("{8BC9CEB8-8B4A-11D0-8D11-00A0C91BC942}") = "Projekt1obrabiarka", "Projekt1obrabiarka\Projekt1obrabiarka.vcxproj", "{34A888B7-7457-46B2-B58E-6A64107F72F0}"
EndProject
Global
	GlobalSection(SolutionConfigurationPlatforms) = preSolution
		Debug|x64 = Debug|x64
		Debug|x86 = Debug|x86
		Release|x64 = Release|x64
		Release|x86 = Release|x86
	EndGlobalSection
	GlobalSection(ProjectConfigurationPlatforms) = postSolution
		{34A888B7-7457-46B2-B58E-6A64107F72F0}.Debug|x64.ActiveCfg = Debug|x64
		{34A888B7-7457-46B2-B58E-6A64107F72F0}.Debug|x64.Build.0 = Debug|x64
		{34A888B7-7457-46B2-B58E-6A64107F72F0}.Debug|x86.ActiveCfg = Debug|Win32
		{34A888B7-7457-46B2-B58E-6A64107F72F0}.Debug|x86.Build.0 = Debug|Win32
		{34A888B7-7457-46B2-B58E-6A64107F72F0}.Release|x64.ActiveCfg = Release|x64
		{34A888B7-7457-46B2-B58E-6A64107F72F0}.Release|x64.Build.0 = Release|x64
		{34A888B7-7457-46B2-B58E-6A64107F72F0}.Release|x86.ActiveCfg = Release|Win32
		{34A888B7-7457-46B2-B58E-6A64107F72F0}.Release|x86.Build.0 = Release|Win32
	EndGlobalSection
	GlobalSection(SolutionProperties) = preSolution
		HideSolutionNode = FALSE
	EndGlobalSection
	GlobalSection(ExtensibilityGlobals) = postSolution
		SolutionGuid = {1E2FD7A8-CCC9-4699-8A91-6DE34F12084E}
	EndGlobalSection
EndGlobal
